
Microsoft Visual Studio Solution File, Format Version 12.00
# Visual Studio 15
VisualStudioVersion = 15.0.26403.3
MinimumVisualStudioVersion = 10.0.40219.1
Project("{FAE04EC0-301F-11D3-BF4B-00C04F79EFBC}") = "Iterators", "Iterators\Iterators.csproj", "{5A838726-EC3F-40FC-AF4C-7230D49F7FFA}"
EndProject
Project("{FAE04EC0-301F-11D3-BF4B-00C04F79EFBC}") = "Comparators", "Comparators\Comparators.csproj", "{0195FFDA-1FC6-4513-8AA0-FF805E8CE980}"
EndProject
Global
	GlobalSection(SolutionConfigurationPlatforms) = preSolution
		Debug|Any CPU = Debug|Any CPU
		Release|Any CPU = Release|Any CPU
	EndGlobalSection
	GlobalSection(ProjectConfigurationPlatforms) = postSolution
		{5A838726-EC3F-40FC-AF4C-7230D49F7FFA}.Debug|Any CPU.ActiveCfg = Debug|Any CPU
		{5A838726-EC3F-40FC-AF4C-7230D49F7FFA}.Debug|Any CPU.Build.0 = Debug|Any CPU
		{5A838726-EC3F-40FC-AF4C-7230D49F7FFA}.Release|Any CPU.ActiveCfg = Release|Any CPU
		{5A838726-EC3F-40FC-AF4C-7230D49F7FFA}.Release|Any CPU.Build.0 = Release|Any CPU
		{0195FFDA-1FC6-4513-8AA0-FF805E8CE980}.Debug|Any CPU.ActiveCfg = Debug|Any CPU
		{0195FFDA-1FC6-4513-8AA0-FF805E8CE980}.Debug|Any CPU.Build.0 = Debug|Any CPU
		{0195FFDA-1FC6-4513-8AA0-FF805E8CE980}.Release|Any CPU.ActiveCfg = Release|Any CPU
		{0195FFDA-1FC6-4513-8AA0-FF805E8CE980}.Release|Any CPU.Build.0 = Release|Any CPU
	EndGlobalSection
	GlobalSection(SolutionProperties) = preSolution
		HideSolutionNode = FALSE
	EndGlobalSection
EndGlobal
