
Microsoft Visual Studio Solution File, Format Version 12.00
# Visual Studio 15
VisualStudioVersion = 15.0.26403.3
MinimumVisualStudioVersion = 10.0.40219.1
Project("{FAE04EC0-301F-11D3-BF4B-00C04F79EFBC}") = "Generic Box", "Generic Box\Generic Box.csproj", "{9848EE97-5219-4EA8-9270-70AE1D4785DA}"
EndProject
Project("{FAE04EC0-301F-11D3-BF4B-00C04F79EFBC}") = "Arrays", "Arrays\Arrays.csproj", "{0CA94D68-E2CA-4B0D-845B-035812D6B859}"
EndProject
Project("{FAE04EC0-301F-11D3-BF4B-00C04F79EFBC}") = "Constrains", "Constrains\Constrains.csproj", "{26D8AEB3-68FB-4596-B9D3-69E9D94CC217}"
EndProject
Global
	GlobalSection(SolutionConfigurationPlatforms) = preSolution
		Debug|Any CPU = Debug|Any CPU
		Release|Any CPU = Release|Any CPU
	EndGlobalSection
	GlobalSection(ProjectConfigurationPlatforms) = postSolution
		{9848EE97-5219-4EA8-9270-70AE1D4785DA}.Debug|Any CPU.ActiveCfg = Debug|Any CPU
		{9848EE97-5219-4EA8-9270-70AE1D4785DA}.Debug|Any CPU.Build.0 = Debug|Any CPU
		{9848EE97-5219-4EA8-9270-70AE1D4785DA}.Release|Any CPU.ActiveCfg = Release|Any CPU
		{9848EE97-5219-4EA8-9270-70AE1D4785DA}.Release|Any CPU.Build.0 = Release|Any CPU
		{0CA94D68-E2CA-4B0D-845B-035812D6B859}.Debug|Any CPU.ActiveCfg = Debug|Any CPU
		{0CA94D68-E2CA-4B0D-845B-035812D6B859}.Debug|Any CPU.Build.0 = Debug|Any CPU
		{0CA94D68-E2CA-4B0D-845B-035812D6B859}.Release|Any CPU.ActiveCfg = Release|Any CPU
		{0CA94D68-E2CA-4B0D-845B-035812D6B859}.Release|Any CPU.Build.0 = Release|Any CPU
		{26D8AEB3-68FB-4596-B9D3-69E9D94CC217}.Debug|Any CPU.ActiveCfg = Debug|Any CPU
		{26D8AEB3-68FB-4596-B9D3-69E9D94CC217}.Debug|Any CPU.Build.0 = Debug|Any CPU
		{26D8AEB3-68FB-4596-B9D3-69E9D94CC217}.Release|Any CPU.ActiveCfg = Release|Any CPU
		{26D8AEB3-68FB-4596-B9D3-69E9D94CC217}.Release|Any CPU.Build.0 = Release|Any CPU
	EndGlobalSection
	GlobalSection(SolutionProperties) = preSolution
		HideSolutionNode = FALSE
	EndGlobalSection
EndGlobal
