
Microsoft Visual Studio Solution File, Format Version 12.00
# Visual Studio 15
VisualStudioVersion = 15.0.26403.3
MinimumVisualStudioVersion = 10.0.40219.1
Project("{FAE04EC0-301F-11D3-BF4B-00C04F79EFBC}") = "Shapes", "Shapes\Shapes.csproj", "{BF9AD945-FD92-4772-8B80-E6B2E36AF0F1}"
EndProject
Project("{FAE04EC0-301F-11D3-BF4B-00C04F79EFBC}") = "Cars", "Cars\Cars.csproj", "{111E1329-FEDB-40C9-BAF7-32B422210899}"
EndProject
Global
	GlobalSection(SolutionConfigurationPlatforms) = preSolution
		Debug|Any CPU = Debug|Any CPU
		Release|Any CPU = Release|Any CPU
	EndGlobalSection
	GlobalSection(ProjectConfigurationPlatforms) = postSolution
		{BF9AD945-FD92-4772-8B80-E6B2E36AF0F1}.Debug|Any CPU.ActiveCfg = Debug|Any CPU
		{BF9AD945-FD92-4772-8B80-E6B2E36AF0F1}.Debug|Any CPU.Build.0 = Debug|Any CPU
		{BF9AD945-FD92-4772-8B80-E6B2E36AF0F1}.Release|Any CPU.ActiveCfg = Release|Any CPU
		{BF9AD945-FD92-4772-8B80-E6B2E36AF0F1}.Release|Any CPU.Build.0 = Release|Any CPU
		{111E1329-FEDB-40C9-BAF7-32B422210899}.Debug|Any CPU.ActiveCfg = Debug|Any CPU
		{111E1329-FEDB-40C9-BAF7-32B422210899}.Debug|Any CPU.Build.0 = Debug|Any CPU
		{111E1329-FEDB-40C9-BAF7-32B422210899}.Release|Any CPU.ActiveCfg = Release|Any CPU
		{111E1329-FEDB-40C9-BAF7-32B422210899}.Release|Any CPU.Build.0 = Release|Any CPU
	EndGlobalSection
	GlobalSection(SolutionProperties) = preSolution
		HideSolutionNode = FALSE
	EndGlobalSection
EndGlobal
